
Microsoft Visual Studio Solution File, Format Version 12.00
# Visual Studio Version 16
VisualStudioVersion = 16.0.29709.97
MinimumVisualStudioVersion = 10.0.40219.1
Project("{9A19103F-16F7-4668-BE54-9A1E7A4F7556}") = "WebApi", "WebApi.csproj", "{AF7FFCD8-8E24-48FB-841A-0F852C03000F}"
EndProject
Global
	GlobalSection(SolutionConfigurationPlatforms) = preSolution
		Debug|Any CPU = Debug|Any CPU
		Release|Any CPU = Release|Any CPU
	EndGlobalSection
	GlobalSection(ProjectConfigurationPlatforms) = postSolution
		{AF7FFCD8-8E24-48FB-841A-0F852C03000F}.Debug|Any CPU.ActiveCfg = Debug|Any CPU
		{AF7FFCD8-8E24-48FB-841A-0F852C03000F}.Debug|Any CPU.Build.0 = Debug|Any CPU
		{AF7FFCD8-8E24-48FB-841A-0F852C03000F}.Release|Any CPU.ActiveCfg = Release|Any CPU
		{AF7FFCD8-8E24-48FB-841A-0F852C03000F}.Release|Any CPU.Build.0 = Release|Any CPU
	EndGlobalSection
	GlobalSection(SolutionProperties) = preSolution
		HideSolutionNode = FALSE
	EndGlobalSection
	GlobalSection(ExtensibilityGlobals) = postSolution
		SolutionGuid = {55E3D8ED-8238-424D-A998-781156AECC74}
	EndGlobalSection
EndGlobal
